
Microsoft Visual Studio Solution File, Format Version 12.00
# Visual Studio 15
VisualStudioVersion = 15.0.28010.2003
MinimumVisualStudioVersion = 10.0.40219.1
Project("{9A19103F-16F7-4668-BE54-9A1E7A4F7556}") = "JMeDQgddW9", "JMeDQgddW9\JMeDQgddW9.csproj", "{48DBB993-7F6F-42BB-A64C-91525FF77133}"
EndProject
Project("{FAE04EC0-301F-11D3-BF4B-00C04F79EFBC}") = "UnitTestProject", "UnitTestProject\UnitTestProject.csproj", "{20B4DF90-6683-4872-895C-30E401DEBDE3}"
EndProject
Project("{FAE04EC0-301F-11D3-BF4B-00C04F79EFBC}") = "JMeDQgddW9.Core", "JMeDQgddW9.Core\JMeDQgddW9.Core.csproj", "{261CAB68-F1D8-4E9B-B508-E18946DBC0E7}"
EndProject
Project("{FAE04EC0-301F-11D3-BF4B-00C04F79EFBC}") = "JMeDQgddW9.Data", "JMeDQgddW9.Data\JMeDQgddW9.Data.csproj", "{3A5A36E7-9EA0-4A68-A4CF-C5883D6ABFA4}"
EndProject
Project("{FAE04EC0-301F-11D3-BF4B-00C04F79EFBC}") = "JMeDQgddW9.Service", "JMeDQgddW9.Service\JMeDQgddW9.Service.csproj", "{2F3C1B29-5498-41EF-B865-4B39406F7448}"
EndProject
Global
	GlobalSection(SolutionConfigurationPlatforms) = preSolution
		Debug|Any CPU = Debug|Any CPU
		Release|Any CPU = Release|Any CPU
	EndGlobalSection
	GlobalSection(ProjectConfigurationPlatforms) = postSolution
		{48DBB993-7F6F-42BB-A64C-91525FF77133}.Debug|Any CPU.ActiveCfg = Debug|Any CPU
		{48DBB993-7F6F-42BB-A64C-91525FF77133}.Debug|Any CPU.Build.0 = Debug|Any CPU
		{48DBB993-7F6F-42BB-A64C-91525FF77133}.Release|Any CPU.ActiveCfg = Release|Any CPU
		{48DBB993-7F6F-42BB-A64C-91525FF77133}.Release|Any CPU.Build.0 = Release|Any CPU
		{20B4DF90-6683-4872-895C-30E401DEBDE3}.Debug|Any CPU.ActiveCfg = Debug|Any CPU
		{20B4DF90-6683-4872-895C-30E401DEBDE3}.Debug|Any CPU.Build.0 = Debug|Any CPU
		{20B4DF90-6683-4872-895C-30E401DEBDE3}.Release|Any CPU.ActiveCfg = Release|Any CPU
		{20B4DF90-6683-4872-895C-30E401DEBDE3}.Release|Any CPU.Build.0 = Release|Any CPU
		{261CAB68-F1D8-4E9B-B508-E18946DBC0E7}.Debug|Any CPU.ActiveCfg = Debug|Any CPU
		{261CAB68-F1D8-4E9B-B508-E18946DBC0E7}.Debug|Any CPU.Build.0 = Debug|Any CPU
		{261CAB68-F1D8-4E9B-B508-E18946DBC0E7}.Release|Any CPU.ActiveCfg = Release|Any CPU
		{261CAB68-F1D8-4E9B-B508-E18946DBC0E7}.Release|Any CPU.Build.0 = Release|Any CPU
		{3A5A36E7-9EA0-4A68-A4CF-C5883D6ABFA4}.Debug|Any CPU.ActiveCfg = Debug|Any CPU
		{3A5A36E7-9EA0-4A68-A4CF-C5883D6ABFA4}.Debug|Any CPU.Build.0 = Debug|Any CPU
		{3A5A36E7-9EA0-4A68-A4CF-C5883D6ABFA4}.Release|Any CPU.ActiveCfg = Release|Any CPU
		{3A5A36E7-9EA0-4A68-A4CF-C5883D6ABFA4}.Release|Any CPU.Build.0 = Release|Any CPU
		{2F3C1B29-5498-41EF-B865-4B39406F7448}.Debug|Any CPU.ActiveCfg = Debug|Any CPU
		{2F3C1B29-5498-41EF-B865-4B39406F7448}.Debug|Any CPU.Build.0 = Debug|Any CPU
		{2F3C1B29-5498-41EF-B865-4B39406F7448}.Release|Any CPU.ActiveCfg = Release|Any CPU
		{2F3C1B29-5498-41EF-B865-4B39406F7448}.Release|Any CPU.Build.0 = Release|Any CPU
	EndGlobalSection
	GlobalSection(SolutionProperties) = preSolution
		HideSolutionNode = FALSE
	EndGlobalSection
	GlobalSection(ExtensibilityGlobals) = postSolution
		SolutionGuid = {937129A5-0AB5-4BE0-A71B-3AD8853F90F6}
	EndGlobalSection
EndGlobal
